
Microsoft Visual Studio Solution File, Format Version 12.00
# Visual Studio Version 17
VisualStudioVersion = 17.7.34024.191
MinimumVisualStudioVersion = 10.0.40219.1
Project("{FAE04EC0-301F-11D3-BF4B-00C04F79EFBC}") = "Selenium POC", "Selenium POC.csproj", "{C18ADFE2-C835-4176-854F-DF6CB40C4AE4}"
EndProject
Global
	GlobalSection(SolutionConfigurationPlatforms) = preSolution
		Debug|Any CPU = Debug|Any CPU
		Release|Any CPU = Release|Any CPU
	EndGlobalSection
	GlobalSection(ProjectConfigurationPlatforms) = postSolution
		{C18ADFE2-C835-4176-854F-DF6CB40C4AE4}.Debug|Any CPU.ActiveCfg = Debug|Any CPU
		{C18ADFE2-C835-4176-854F-DF6CB40C4AE4}.Debug|Any CPU.Build.0 = Debug|Any CPU
		{C18ADFE2-C835-4176-854F-DF6CB40C4AE4}.Release|Any CPU.ActiveCfg = Release|Any CPU
		{C18ADFE2-C835-4176-854F-DF6CB40C4AE4}.Release|Any CPU.Build.0 = Release|Any CPU
	EndGlobalSection
	GlobalSection(SolutionProperties) = preSolution
		HideSolutionNode = FALSE
	EndGlobalSection
	GlobalSection(ExtensibilityGlobals) = postSolution
		SolutionGuid = {56635608-BCCA-4F5D-BA40-A0EA6231055A}
	EndGlobalSection
EndGlobal
